
Microsoft Visual Studio Solution File, Format Version 12.00
# Visual Studio 2012
Project("{FAE04EC0-301F-11D3-BF4B-00C04F79EFBC}") = "Lumen", "Application\Lumen.csproj", "{1B95979A-8E23-4EEE-A798-9EE44A2069C4}"
EndProject
Project("{FAE04EC0-301F-11D3-BF4B-00C04F79EFBC}") = "Lumen.Scripting", "ScriptHost\Lumen.Scripting.csproj", "{A868ECD7-5624-405C-870A-66BB0CEAD574}"
EndProject
Global
	GlobalSection(SolutionConfigurationPlatforms) = preSolution
		Debug|Any CPU = Debug|Any CPU
		Release|Any CPU = Release|Any CPU
	EndGlobalSection
	GlobalSection(ProjectConfigurationPlatforms) = postSolution
		{1B95979A-8E23-4EEE-A798-9EE44A2069C4}.Debug|Any CPU.ActiveCfg = Debug|Any CPU
		{1B95979A-8E23-4EEE-A798-9EE44A2069C4}.Debug|Any CPU.Build.0 = Debug|Any CPU
		{1B95979A-8E23-4EEE-A798-9EE44A2069C4}.Release|Any CPU.ActiveCfg = Release|Any CPU
		{1B95979A-8E23-4EEE-A798-9EE44A2069C4}.Release|Any CPU.Build.0 = Release|Any CPU
		{A868ECD7-5624-405C-870A-66BB0CEAD574}.Debug|Any CPU.ActiveCfg = Debug|Any CPU
		{A868ECD7-5624-405C-870A-66BB0CEAD574}.Debug|Any CPU.Build.0 = Debug|Any CPU
		{A868ECD7-5624-405C-870A-66BB0CEAD574}.Release|Any CPU.ActiveCfg = Release|Any CPU
		{A868ECD7-5624-405C-870A-66BB0CEAD574}.Release|Any CPU.Build.0 = Release|Any CPU
	EndGlobalSection
	GlobalSection(SolutionProperties) = preSolution
		HideSolutionNode = FALSE
	EndGlobalSection
EndGlobal
